
Microsoft Visual Studio Solution File, Format Version 12.00
# Visual Studio Version 17
VisualStudioVersion = 17.2.32519.379
MinimumVisualStudioVersion = 10.0.40219.1
Project("{2150E333-8FDC-42A3-9474-1A3956D46DE8}") = "Services", "Services", "{8DC617C2-E979-4400-8FCE-BADFC1D1D654}"
EndProject
Project("{2150E333-8FDC-42A3-9474-1A3956D46DE8}") = "WebApps", "WebApps", "{F298CB0E-DEF1-4890-8E27-B2823A48A73F}"
EndProject
Project("{2150E333-8FDC-42A3-9474-1A3956D46DE8}") = "Cadastros", "Cadastros", "{2EE69A4A-4F28-4096-A070-52A735E629C7}"
EndProject
Project("{2150E333-8FDC-42A3-9474-1A3956D46DE8}") = "Catalogo", "Catalogo", "{018679A5-75E0-4B65-9CEC-52E9A9410F1E}"
EndProject
Project("{2150E333-8FDC-42A3-9474-1A3956D46DE8}") = "Core", "Core", "{3A1EBF94-99A7-4AD6-97B1-C7027500F78C}"
EndProject
Project("{2150E333-8FDC-42A3-9474-1A3956D46DE8}") = "Fiscal", "Fiscal", "{5BEE2D0A-C524-4C7E-9FDE-97E0285B5C5E}"
EndProject
Project("{2150E333-8FDC-42A3-9474-1A3956D46DE8}") = "Pagamentos", "Pagamentos", "{1C866E3A-CFFE-49DD-A1B7-B70E23D94A33}"
EndProject
Project("{2150E333-8FDC-42A3-9474-1A3956D46DE8}") = "Vendas", "Vendas", "{935FF869-7651-4864-A362-A879BD026F55}"
EndProject
Project("{2150E333-8FDC-42A3-9474-1A3956D46DE8}") = "Tests", "Tests", "{ECBCCFB4-CBC1-46F1-B280-1CCCD76E2752}"
EndProject
Project("{9A19103F-16F7-4668-BE54-9A1E7A4F7556}") = "DddStore.Catalogo.Domain.Tests", "DddStore.Catalogo.Domain.Tests\DddStore.Catalogo.Domain.Tests.csproj", "{A9618121-76E1-4D15-AD9B-03C9A84DB3BA}"
EndProject
Project("{9A19103F-16F7-4668-BE54-9A1E7A4F7556}") = "DddStore.Catalogo.Application", "scr\DddStore.Catalogo.Application\DddStore.Catalogo.Application.csproj", "{0C1A1EB4-925D-487B-8F92-553CE9EF487E}"
EndProject
Project("{9A19103F-16F7-4668-BE54-9A1E7A4F7556}") = "DddStore.Catalogo.Domain", "scr\DddStore.Catalogo.Domain\DddStore.Catalogo.Domain.csproj", "{DA434A10-1E1B-46B4-A8FB-E726AA024825}"
EndProject
Project("{9A19103F-16F7-4668-BE54-9A1E7A4F7556}") = "DddStore.Catalogo.Data", "scr\DddStore.Catalogo.Data\DddStore.Catalogo.Data.csproj", "{B9DE2714-5B86-4770-9063-783EFB9F2341}"
EndProject
Project("{9A19103F-16F7-4668-BE54-9A1E7A4F7556}") = "DddStore.Core", "scr\DddStore.Core\DddStore.Core.csproj", "{4329FD86-49B8-435F-BA14-C1F9AE763C28}"
EndProject
Project("{FAE04EC0-301F-11D3-BF4B-00C04F79EFBC}") = "DddStore.WebApp.Mvc", "DddStore.WebApp.Mvc\DddStore.WebApp.Mvc.csproj", "{AB7EC524-4FCC-497C-AD7D-781C3673E3A3}"
EndProject
Global
	GlobalSection(SolutionConfigurationPlatforms) = preSolution
		Debug|Any CPU = Debug|Any CPU
		Release|Any CPU = Release|Any CPU
	EndGlobalSection
	GlobalSection(ProjectConfigurationPlatforms) = postSolution
		{A9618121-76E1-4D15-AD9B-03C9A84DB3BA}.Debug|Any CPU.ActiveCfg = Debug|Any CPU
		{A9618121-76E1-4D15-AD9B-03C9A84DB3BA}.Debug|Any CPU.Build.0 = Debug|Any CPU
		{A9618121-76E1-4D15-AD9B-03C9A84DB3BA}.Release|Any CPU.ActiveCfg = Release|Any CPU
		{A9618121-76E1-4D15-AD9B-03C9A84DB3BA}.Release|Any CPU.Build.0 = Release|Any CPU
		{0C1A1EB4-925D-487B-8F92-553CE9EF487E}.Debug|Any CPU.ActiveCfg = Debug|Any CPU
		{0C1A1EB4-925D-487B-8F92-553CE9EF487E}.Debug|Any CPU.Build.0 = Debug|Any CPU
		{0C1A1EB4-925D-487B-8F92-553CE9EF487E}.Release|Any CPU.ActiveCfg = Release|Any CPU
		{0C1A1EB4-925D-487B-8F92-553CE9EF487E}.Release|Any CPU.Build.0 = Release|Any CPU
		{DA434A10-1E1B-46B4-A8FB-E726AA024825}.Debug|Any CPU.ActiveCfg = Debug|Any CPU
		{DA434A10-1E1B-46B4-A8FB-E726AA024825}.Debug|Any CPU.Build.0 = Debug|Any CPU
		{DA434A10-1E1B-46B4-A8FB-E726AA024825}.Release|Any CPU.ActiveCfg = Release|Any CPU
		{DA434A10-1E1B-46B4-A8FB-E726AA024825}.Release|Any CPU.Build.0 = Release|Any CPU
		{B9DE2714-5B86-4770-9063-783EFB9F2341}.Debug|Any CPU.ActiveCfg = Debug|Any CPU
		{B9DE2714-5B86-4770-9063-783EFB9F2341}.Debug|Any CPU.Build.0 = Debug|Any CPU
		{B9DE2714-5B86-4770-9063-783EFB9F2341}.Release|Any CPU.ActiveCfg = Release|Any CPU
		{B9DE2714-5B86-4770-9063-783EFB9F2341}.Release|Any CPU.Build.0 = Release|Any CPU
		{4329FD86-49B8-435F-BA14-C1F9AE763C28}.Debug|Any CPU.ActiveCfg = Debug|Any CPU
		{4329FD86-49B8-435F-BA14-C1F9AE763C28}.Debug|Any CPU.Build.0 = Debug|Any CPU
		{4329FD86-49B8-435F-BA14-C1F9AE763C28}.Release|Any CPU.ActiveCfg = Release|Any CPU
		{4329FD86-49B8-435F-BA14-C1F9AE763C28}.Release|Any CPU.Build.0 = Release|Any CPU
		{AB7EC524-4FCC-497C-AD7D-781C3673E3A3}.Debug|Any CPU.ActiveCfg = Debug|Any CPU
		{AB7EC524-4FCC-497C-AD7D-781C3673E3A3}.Debug|Any CPU.Build.0 = Debug|Any CPU
		{AB7EC524-4FCC-497C-AD7D-781C3673E3A3}.Release|Any CPU.ActiveCfg = Release|Any CPU
		{AB7EC524-4FCC-497C-AD7D-781C3673E3A3}.Release|Any CPU.Build.0 = Release|Any CPU
	EndGlobalSection
	GlobalSection(SolutionProperties) = preSolution
		HideSolutionNode = FALSE
	EndGlobalSection
	GlobalSection(NestedProjects) = preSolution
		{2EE69A4A-4F28-4096-A070-52A735E629C7} = {8DC617C2-E979-4400-8FCE-BADFC1D1D654}
		{018679A5-75E0-4B65-9CEC-52E9A9410F1E} = {8DC617C2-E979-4400-8FCE-BADFC1D1D654}
		{3A1EBF94-99A7-4AD6-97B1-C7027500F78C} = {8DC617C2-E979-4400-8FCE-BADFC1D1D654}
		{5BEE2D0A-C524-4C7E-9FDE-97E0285B5C5E} = {8DC617C2-E979-4400-8FCE-BADFC1D1D654}
		{1C866E3A-CFFE-49DD-A1B7-B70E23D94A33} = {8DC617C2-E979-4400-8FCE-BADFC1D1D654}
		{935FF869-7651-4864-A362-A879BD026F55} = {8DC617C2-E979-4400-8FCE-BADFC1D1D654}
		{ECBCCFB4-CBC1-46F1-B280-1CCCD76E2752} = {018679A5-75E0-4B65-9CEC-52E9A9410F1E}
		{A9618121-76E1-4D15-AD9B-03C9A84DB3BA} = {ECBCCFB4-CBC1-46F1-B280-1CCCD76E2752}
		{0C1A1EB4-925D-487B-8F92-553CE9EF487E} = {018679A5-75E0-4B65-9CEC-52E9A9410F1E}
		{DA434A10-1E1B-46B4-A8FB-E726AA024825} = {018679A5-75E0-4B65-9CEC-52E9A9410F1E}
		{B9DE2714-5B86-4770-9063-783EFB9F2341} = {018679A5-75E0-4B65-9CEC-52E9A9410F1E}
		{4329FD86-49B8-435F-BA14-C1F9AE763C28} = {3A1EBF94-99A7-4AD6-97B1-C7027500F78C}
		{AB7EC524-4FCC-497C-AD7D-781C3673E3A3} = {F298CB0E-DEF1-4890-8E27-B2823A48A73F}
	EndGlobalSection
	GlobalSection(ExtensibilityGlobals) = postSolution
		SolutionGuid = {0E46DE6C-F5FA-49D0-8962-2C7AE8ECA83E}
	EndGlobalSection
EndGlobal
